<Solution>
  <Folder Name="/src/">
    <Project Path="src/Receive/Receive.csproj" />
    <Project Path="src/ReceiveStream/ReceiveStream.csproj" />
    <Project Path="src/RPCClient/RPCClient.csproj" />
    <Project Path="src/RPCServer/RPCServer.csproj" />
    <Project Path="src/Send/Send.csproj" />
    <Project Path="src/SendStream/SendStream.csproj" />
  </Folder>
</Solution>
